
Microsoft Visual Studio Solution File, Format Version 12.00
# Visual Studio Version 17
VisualStudioVersion = 17.7.34031.279
MinimumVisualStudioVersion = 10.0.40219.1
Project("{FAE04EC0-301F-11D3-BF4B-00C04F79EFBC}") = "GESTIONDEEMPLEADOS.BSS", "GESTIONDEEMPLEADOS.BSS\GESTIONDEEMPLEADOS.BSS.csproj", "{878118E0-237C-4A12-9959-18A79FA92A9B}"
EndProject
Project("{FAE04EC0-301F-11D3-BF4B-00C04F79EFBC}") = "GESTIONDEEMPLEADOS.DAL", "GESTIONDEEMPLEADOS.DAL\GESTIONDEEMPLEADOS.DAL.csproj", "{96EB2765-94CB-443C-8418-EE5BC9E87EC2}"
EndProject
Project("{FAE04EC0-301F-11D3-BF4B-00C04F79EFBC}") = "GESTIONDEEMPLEADOS.Modelos", "GESTIONDEEMPLEADOS.Modelos\GESTIONDEEMPLEADOS.Modelos.csproj", "{3226711D-AF77-46C4-974C-EDCC1632C1F0}"
EndProject
Project("{FAE04EC0-301F-11D3-BF4B-00C04F79EFBC}") = "GESTIONDEEMPLEADOS.VISTA", "GESTIONDEEMPLEADOS.VISTA\GESTIONDEEMPLEADOS.VISTA.csproj", "{BA737E2F-E2FE-4E78-BAC4-0826FA4A666A}"
EndProject
Global
	GlobalSection(SolutionConfigurationPlatforms) = preSolution
		Debug|Any CPU = Debug|Any CPU
		Release|Any CPU = Release|Any CPU
	EndGlobalSection
	GlobalSection(ProjectConfigurationPlatforms) = postSolution
		{878118E0-237C-4A12-9959-18A79FA92A9B}.Debug|Any CPU.ActiveCfg = Debug|Any CPU
		{878118E0-237C-4A12-9959-18A79FA92A9B}.Debug|Any CPU.Build.0 = Debug|Any CPU
		{878118E0-237C-4A12-9959-18A79FA92A9B}.Release|Any CPU.ActiveCfg = Release|Any CPU
		{878118E0-237C-4A12-9959-18A79FA92A9B}.Release|Any CPU.Build.0 = Release|Any CPU
		{96EB2765-94CB-443C-8418-EE5BC9E87EC2}.Debug|Any CPU.ActiveCfg = Debug|Any CPU
		{96EB2765-94CB-443C-8418-EE5BC9E87EC2}.Debug|Any CPU.Build.0 = Debug|Any CPU
		{96EB2765-94CB-443C-8418-EE5BC9E87EC2}.Release|Any CPU.ActiveCfg = Release|Any CPU
		{96EB2765-94CB-443C-8418-EE5BC9E87EC2}.Release|Any CPU.Build.0 = Release|Any CPU
		{3226711D-AF77-46C4-974C-EDCC1632C1F0}.Debug|Any CPU.ActiveCfg = Debug|Any CPU
		{3226711D-AF77-46C4-974C-EDCC1632C1F0}.Debug|Any CPU.Build.0 = Debug|Any CPU
		{3226711D-AF77-46C4-974C-EDCC1632C1F0}.Release|Any CPU.ActiveCfg = Release|Any CPU
		{3226711D-AF77-46C4-974C-EDCC1632C1F0}.Release|Any CPU.Build.0 = Release|Any CPU
		{BA737E2F-E2FE-4E78-BAC4-0826FA4A666A}.Debug|Any CPU.ActiveCfg = Debug|Any CPU
		{BA737E2F-E2FE-4E78-BAC4-0826FA4A666A}.Debug|Any CPU.Build.0 = Debug|Any CPU
		{BA737E2F-E2FE-4E78-BAC4-0826FA4A666A}.Release|Any CPU.ActiveCfg = Release|Any CPU
		{BA737E2F-E2FE-4E78-BAC4-0826FA4A666A}.Release|Any CPU.Build.0 = Release|Any CPU
	EndGlobalSection
	GlobalSection(SolutionProperties) = preSolution
		HideSolutionNode = FALSE
	EndGlobalSection
	GlobalSection(ExtensibilityGlobals) = postSolution
		SolutionGuid = {BBCCC247-DAFD-4B1B-926A-9A6331B39FE8}
	EndGlobalSection
EndGlobal
